{
  "name": "universal-profiler",
  "version": "0.0.1",
  "lockfileVersion": 3,
  "requires": true,
  "packages": {
    "": {
      "name": "universal-profiler",
      "version": "0.0.1",
      "hasInstallScript": true,
      "dependencies": {
        "chart.js": "^3.7.1"
      },
      "devDependencies": {
        "@types/vscode": "^1.82.0"
      },
      "engines": {
        "vscode": "^1.70.0"
      }
    },
    "node_modules/@types/vscode": {
      "version": "1.99.1",
      "resolved": "https://registry.npmjs.org/@types/vscode/-/vscode-1.99.1.tgz",
      "integrity": "sha512-cQlqxHZ040ta6ovZXnXRxs3fJiTmlurkIWOfZVcLSZPcm9J4ikFpXuB7gihofGn5ng+kDVma5EmJIclfk0trPQ==",
      "dev": true,
      "license": "MIT"
    },
    "node_modules/chart.js": {
      "version": "3.9.1",
      "resolved": "https://registry.npmjs.org/chart.js/-/chart.js-3.9.1.tgz",
      "integrity": "sha512-Ro2JbLmvg83gXF5F4sniaQ+lTbSv18E+TIf2cOeiH1Iqd2PGFOtem+DUufMZsCJwFE7ywPOpfXFBwRTGq7dh6w==",
      "license": "MIT"
    }
  }
}
